{
  "name": "overte-local-filehost",
  "lockfileVersion": 3,
  "requires": true,
  "packages": {
    "": {
      "dependencies": {
        "easy-logger": "github:Armored-Dragon/easy-logger"
      }
    },
    "node_modules/easy-logger": {
      "version": "1.0.0",
      "resolved": "git+ssh://git@github.com/Armored-Dragon/easy-logger.git#8d58f587c3dd024674a64e962be5b09e52b9dad6",
      "license": "GPL-3.0"
    }
  }
}
